
Microsoft Visual Studio Solution File, Format Version 12.00
# Visual Studio Version 16
VisualStudioVersion = 16.0.32929.386
MinimumVisualStudioVersion = 10.0.40219.1
Project("{FAE04EC0-301F-11D3-BF4B-00C04F79EFBC}") = "AOTI_Lab1", "AOTI_Lab1\AOTI_Lab1.csproj", "{1C813C51-B734-4E3C-B43D-0D33641406AB}"
EndProject
Global
	GlobalSection(SolutionConfigurationPlatforms) = preSolution
		Debug|Any CPU = Debug|Any CPU
		Release|Any CPU = Release|Any CPU
	EndGlobalSection
	GlobalSection(ProjectConfigurationPlatforms) = postSolution
		{1C813C51-B734-4E3C-B43D-0D33641406AB}.Debug|Any CPU.ActiveCfg = Debug|Any CPU
		{1C813C51-B734-4E3C-B43D-0D33641406AB}.Debug|Any CPU.Build.0 = Debug|Any CPU
		{1C813C51-B734-4E3C-B43D-0D33641406AB}.Release|Any CPU.ActiveCfg = Release|Any CPU
		{1C813C51-B734-4E3C-B43D-0D33641406AB}.Release|Any CPU.Build.0 = Release|Any CPU
	EndGlobalSection
	GlobalSection(SolutionProperties) = preSolution
		HideSolutionNode = FALSE
	EndGlobalSection
	GlobalSection(ExtensibilityGlobals) = postSolution
		SolutionGuid = {835AE1ED-CEB5-40CF-9AF7-0A4AF91FC228}
	EndGlobalSection
EndGlobal
